
Microsoft Visual Studio Solution File, Format Version 12.00
# Visual Studio Version 16
VisualStudioVersion = 16.0.31025.218
MinimumVisualStudioVersion = 10.0.40219.1
Project("{2150E333-8FDC-42A3-9474-1A3956D46DE8}") = "1 - Presentation", "1 - Presentation", "{BA4C44CC-65BC-4CE0-9B44-68BA231FAC73}"
EndProject
Project("{2150E333-8FDC-42A3-9474-1A3956D46DE8}") = "2 - Services", "2 - Services", "{A5DF9A6E-87DC-49E9-A437-04C399572BD4}"
EndProject
Project("{2150E333-8FDC-42A3-9474-1A3956D46DE8}") = "3 - Application", "3 - Application", "{FD1B5301-2A07-47B3-8773-839429800B2F}"
EndProject
Project("{2150E333-8FDC-42A3-9474-1A3956D46DE8}") = "4 - Domain", "4 - Domain", "{0C6FAB88-2741-4295-B6B6-F397DBA958F0}"
EndProject
Project("{2150E333-8FDC-42A3-9474-1A3956D46DE8}") = "5 - Infra", "5 - Infra", "{BAC12BD1-13B1-416E-A4B8-D889C6FFACCC}"
EndProject
Project("{2150E333-8FDC-42A3-9474-1A3956D46DE8}") = "5.1 - Data", "5.1 - Data", "{0CA11832-7E0F-4038-9DB6-FF1E6D14D0DF}"
EndProject
Project("{2150E333-8FDC-42A3-9474-1A3956D46DE8}") = "5.2 - CrossCutting", "5.2 - CrossCutting", "{DF6C4BDE-F3C5-4E53-A5D5-9D27B2D3E38F}"
EndProject
Project("{9A19103F-16F7-4668-BE54-9A1E7A4F7556}") = "CQRS.UI.Web", "src\CQRS.UI.Web\CQRS.UI.Web.csproj", "{D4EFD9BF-58A8-4F79-A99A-128DD887AA7E}"
EndProject
Project("{9A19103F-16F7-4668-BE54-9A1E7A4F7556}") = "CQRS.Services.Api", "src\CQRS.Services.Api\CQRS.Services.Api.csproj", "{36E3C114-A95B-49C9-9BF9-9DD0EA254982}"
EndProject
Project("{9A19103F-16F7-4668-BE54-9A1E7A4F7556}") = "CQRS.Application", "src\CQRS.Application\CQRS.Application.csproj", "{A30EF718-E2F9-44C3-A568-1DA0C9BB7538}"
EndProject
Project("{9A19103F-16F7-4668-BE54-9A1E7A4F7556}") = "CQRS.Domain", "src\CQRS.Domain\CQRS.Domain.csproj", "{93261B2C-F8D2-4590-81FE-3C0B9E712CFA}"
EndProject
Project("{9A19103F-16F7-4668-BE54-9A1E7A4F7556}") = "CQRS.Domain.Core", "src\CQRS.Domain.Core\CQRS.Domain.Core.csproj", "{10123D4F-3F33-44AA-936E-7570574D1E27}"
EndProject
Project("{9A19103F-16F7-4668-BE54-9A1E7A4F7556}") = "CQRS.Infra.Data", "src\CQRS.Infra.Data\CQRS.Infra.Data.csproj", "{D93B77F6-5B24-465B-9BD1-7C6345458E1C}"
EndProject
Project("{9A19103F-16F7-4668-BE54-9A1E7A4F7556}") = "CQRS.Infra.CrossCutting.Worker", "src\CQRS.Infra.CrossCutting.RabbitMQ\CQRS.Infra.CrossCutting.Worker.csproj", "{3C37C29E-69D6-44B4-8B89-20DB7997E45F}"
EndProject
Project("{9A19103F-16F7-4668-BE54-9A1E7A4F7556}") = "CQRS.Infra.CrossCutting.IoC", "src\CQRS.Infra.CrossCutting.IoC\CQRS.Infra.CrossCutting.IoC.csproj", "{AF1E8947-73FA-4719-9EB4-A2B0920C9239}"
EndProject
Project("{9A19103F-16F7-4668-BE54-9A1E7A4F7556}") = "CQRS.Infra.CrossCutting.Identity", "src\CQRS.Infra.CrossCutting.Identity\CQRS.Infra.CrossCutting.Identity.csproj", "{F71FEA54-6CCE-4C37-A99C-349CBC983A3F}"
EndProject
Project("{9A19103F-16F7-4668-BE54-9A1E7A4F7556}") = "CQRS.Infra.CrossCutting.Bus", "src\CQRS.Infra.CrossCutting.Bus\CQRS.Infra.CrossCutting.Bus.csproj", "{E8999EDB-F8E3-467A-87B8-3D6647780345}"
EndProject
Project("{9A19103F-16F7-4668-BE54-9A1E7A4F7556}") = "CQRS.Services.FuncionarioWorker", "src\CQRS.Services.CustomerWorker\CQRS.Services.FuncionarioWorker.csproj", "{908E7B31-128F-4277-B75F-7CAFACFA1FC5}"
EndProject
Global
	GlobalSection(SolutionConfigurationPlatforms) = preSolution
		Debug|Any CPU = Debug|Any CPU
		Release|Any CPU = Release|Any CPU
	EndGlobalSection
	GlobalSection(ProjectConfigurationPlatforms) = postSolution
		{D4EFD9BF-58A8-4F79-A99A-128DD887AA7E}.Debug|Any CPU.ActiveCfg = Debug|Any CPU
		{D4EFD9BF-58A8-4F79-A99A-128DD887AA7E}.Debug|Any CPU.Build.0 = Debug|Any CPU
		{D4EFD9BF-58A8-4F79-A99A-128DD887AA7E}.Release|Any CPU.ActiveCfg = Release|Any CPU
		{D4EFD9BF-58A8-4F79-A99A-128DD887AA7E}.Release|Any CPU.Build.0 = Release|Any CPU
		{36E3C114-A95B-49C9-9BF9-9DD0EA254982}.Debug|Any CPU.ActiveCfg = Debug|Any CPU
		{36E3C114-A95B-49C9-9BF9-9DD0EA254982}.Debug|Any CPU.Build.0 = Debug|Any CPU
		{36E3C114-A95B-49C9-9BF9-9DD0EA254982}.Release|Any CPU.ActiveCfg = Release|Any CPU
		{36E3C114-A95B-49C9-9BF9-9DD0EA254982}.Release|Any CPU.Build.0 = Release|Any CPU
		{A30EF718-E2F9-44C3-A568-1DA0C9BB7538}.Debug|Any CPU.ActiveCfg = Debug|Any CPU
		{A30EF718-E2F9-44C3-A568-1DA0C9BB7538}.Debug|Any CPU.Build.0 = Debug|Any CPU
		{A30EF718-E2F9-44C3-A568-1DA0C9BB7538}.Release|Any CPU.ActiveCfg = Release|Any CPU
		{A30EF718-E2F9-44C3-A568-1DA0C9BB7538}.Release|Any CPU.Build.0 = Release|Any CPU
		{93261B2C-F8D2-4590-81FE-3C0B9E712CFA}.Debug|Any CPU.ActiveCfg = Debug|Any CPU
		{93261B2C-F8D2-4590-81FE-3C0B9E712CFA}.Debug|Any CPU.Build.0 = Debug|Any CPU
		{93261B2C-F8D2-4590-81FE-3C0B9E712CFA}.Release|Any CPU.ActiveCfg = Release|Any CPU
		{93261B2C-F8D2-4590-81FE-3C0B9E712CFA}.Release|Any CPU.Build.0 = Release|Any CPU
		{10123D4F-3F33-44AA-936E-7570574D1E27}.Debug|Any CPU.ActiveCfg = Debug|Any CPU
		{10123D4F-3F33-44AA-936E-7570574D1E27}.Debug|Any CPU.Build.0 = Debug|Any CPU
		{10123D4F-3F33-44AA-936E-7570574D1E27}.Release|Any CPU.ActiveCfg = Release|Any CPU
		{10123D4F-3F33-44AA-936E-7570574D1E27}.Release|Any CPU.Build.0 = Release|Any CPU
		{D93B77F6-5B24-465B-9BD1-7C6345458E1C}.Debug|Any CPU.ActiveCfg = Debug|Any CPU
		{D93B77F6-5B24-465B-9BD1-7C6345458E1C}.Debug|Any CPU.Build.0 = Debug|Any CPU
		{D93B77F6-5B24-465B-9BD1-7C6345458E1C}.Release|Any CPU.ActiveCfg = Release|Any CPU
		{D93B77F6-5B24-465B-9BD1-7C6345458E1C}.Release|Any CPU.Build.0 = Release|Any CPU
		{3C37C29E-69D6-44B4-8B89-20DB7997E45F}.Debug|Any CPU.ActiveCfg = Debug|Any CPU
		{3C37C29E-69D6-44B4-8B89-20DB7997E45F}.Debug|Any CPU.Build.0 = Debug|Any CPU
		{3C37C29E-69D6-44B4-8B89-20DB7997E45F}.Release|Any CPU.ActiveCfg = Release|Any CPU
		{3C37C29E-69D6-44B4-8B89-20DB7997E45F}.Release|Any CPU.Build.0 = Release|Any CPU
		{AF1E8947-73FA-4719-9EB4-A2B0920C9239}.Debug|Any CPU.ActiveCfg = Debug|Any CPU
		{AF1E8947-73FA-4719-9EB4-A2B0920C9239}.Debug|Any CPU.Build.0 = Debug|Any CPU
		{AF1E8947-73FA-4719-9EB4-A2B0920C9239}.Release|Any CPU.ActiveCfg = Release|Any CPU
		{AF1E8947-73FA-4719-9EB4-A2B0920C9239}.Release|Any CPU.Build.0 = Release|Any CPU
		{F71FEA54-6CCE-4C37-A99C-349CBC983A3F}.Debug|Any CPU.ActiveCfg = Debug|Any CPU
		{F71FEA54-6CCE-4C37-A99C-349CBC983A3F}.Debug|Any CPU.Build.0 = Debug|Any CPU
		{F71FEA54-6CCE-4C37-A99C-349CBC983A3F}.Release|Any CPU.ActiveCfg = Release|Any CPU
		{F71FEA54-6CCE-4C37-A99C-349CBC983A3F}.Release|Any CPU.Build.0 = Release|Any CPU
		{E8999EDB-F8E3-467A-87B8-3D6647780345}.Debug|Any CPU.ActiveCfg = Debug|Any CPU
		{E8999EDB-F8E3-467A-87B8-3D6647780345}.Debug|Any CPU.Build.0 = Debug|Any CPU
		{E8999EDB-F8E3-467A-87B8-3D6647780345}.Release|Any CPU.ActiveCfg = Release|Any CPU
		{E8999EDB-F8E3-467A-87B8-3D6647780345}.Release|Any CPU.Build.0 = Release|Any CPU
		{908E7B31-128F-4277-B75F-7CAFACFA1FC5}.Debug|Any CPU.ActiveCfg = Debug|Any CPU
		{908E7B31-128F-4277-B75F-7CAFACFA1FC5}.Debug|Any CPU.Build.0 = Debug|Any CPU
		{908E7B31-128F-4277-B75F-7CAFACFA1FC5}.Release|Any CPU.ActiveCfg = Release|Any CPU
		{908E7B31-128F-4277-B75F-7CAFACFA1FC5}.Release|Any CPU.Build.0 = Release|Any CPU
	EndGlobalSection
	GlobalSection(SolutionProperties) = preSolution
		HideSolutionNode = FALSE
	EndGlobalSection
	GlobalSection(NestedProjects) = preSolution
		{0CA11832-7E0F-4038-9DB6-FF1E6D14D0DF} = {BAC12BD1-13B1-416E-A4B8-D889C6FFACCC}
		{DF6C4BDE-F3C5-4E53-A5D5-9D27B2D3E38F} = {BAC12BD1-13B1-416E-A4B8-D889C6FFACCC}
		{D4EFD9BF-58A8-4F79-A99A-128DD887AA7E} = {BA4C44CC-65BC-4CE0-9B44-68BA231FAC73}
		{36E3C114-A95B-49C9-9BF9-9DD0EA254982} = {A5DF9A6E-87DC-49E9-A437-04C399572BD4}
		{A30EF718-E2F9-44C3-A568-1DA0C9BB7538} = {FD1B5301-2A07-47B3-8773-839429800B2F}
		{93261B2C-F8D2-4590-81FE-3C0B9E712CFA} = {0C6FAB88-2741-4295-B6B6-F397DBA958F0}
		{10123D4F-3F33-44AA-936E-7570574D1E27} = {0C6FAB88-2741-4295-B6B6-F397DBA958F0}
		{D93B77F6-5B24-465B-9BD1-7C6345458E1C} = {0CA11832-7E0F-4038-9DB6-FF1E6D14D0DF}
		{3C37C29E-69D6-44B4-8B89-20DB7997E45F} = {DF6C4BDE-F3C5-4E53-A5D5-9D27B2D3E38F}
		{AF1E8947-73FA-4719-9EB4-A2B0920C9239} = {DF6C4BDE-F3C5-4E53-A5D5-9D27B2D3E38F}
		{F71FEA54-6CCE-4C37-A99C-349CBC983A3F} = {DF6C4BDE-F3C5-4E53-A5D5-9D27B2D3E38F}
		{E8999EDB-F8E3-467A-87B8-3D6647780345} = {DF6C4BDE-F3C5-4E53-A5D5-9D27B2D3E38F}
		{908E7B31-128F-4277-B75F-7CAFACFA1FC5} = {A5DF9A6E-87DC-49E9-A437-04C399572BD4}
	EndGlobalSection
	GlobalSection(ExtensibilityGlobals) = postSolution
		SolutionGuid = {4050E145-6791-440A-A2E5-75B05ACD4AFE}
	EndGlobalSection
EndGlobal
